
Microsoft Visual Studio Solution File, Format Version 12.00
# Visual Studio Version 17
VisualStudioVersion = 17.9.34622.214
MinimumVisualStudioVersion = 10.0.40219.1
Project("{FAE04EC0-301F-11D3-BF4B-00C04F79EFBC}") = "Week9Lists", "Week9Lists\Week9Lists.csproj", "{1DA0348A-9B9E-4F20-B11E-7F392ED92EBB}"
EndProject
Global
	GlobalSection(SolutionConfigurationPlatforms) = preSolution
		Debug|Any CPU = Debug|Any CPU
		Release|Any CPU = Release|Any CPU
	EndGlobalSection
	GlobalSection(ProjectConfigurationPlatforms) = postSolution
		{1DA0348A-9B9E-4F20-B11E-7F392ED92EBB}.Debug|Any CPU.ActiveCfg = Debug|Any CPU
		{1DA0348A-9B9E-4F20-B11E-7F392ED92EBB}.Debug|Any CPU.Build.0 = Debug|Any CPU
		{1DA0348A-9B9E-4F20-B11E-7F392ED92EBB}.Release|Any CPU.ActiveCfg = Release|Any CPU
		{1DA0348A-9B9E-4F20-B11E-7F392ED92EBB}.Release|Any CPU.Build.0 = Release|Any CPU
	EndGlobalSection
	GlobalSection(SolutionProperties) = preSolution
		HideSolutionNode = FALSE
	EndGlobalSection
	GlobalSection(ExtensibilityGlobals) = postSolution
		SolutionGuid = {FC57F92D-426B-4FD9-83FA-9C98CAC3419F}
	EndGlobalSection
EndGlobal
